// !$*UTF8*$!
{
	archiveVersion = 1;
	classes = {
	};
	objectVersion = 50;
	objects = {

/* Begin PBXBuildFile section */
		134917ED2473152100B3A2C6 /* AppDelegate.m in Sources */ = {isa = PBXBuildFile; fileRef = 134917EC2473152100B3A2C6 /* AppDelegate.m */; };
		134917F02473152100B3A2C6 /* SceneDelegate.m in Sources */ = {isa = PBXBuildFile; fileRef = 134917EF2473152100B3A2C6 /* SceneDelegate.m */; };
		134917F62473152100B3A2C6 /* Main.storyboard in Resources */ = {isa = PBXBuildFile; fileRef = 134917F42473152100B3A2C6 /* Main.storyboard */; };
		134917F82473152200B3A2C6 /* Assets.xcassets in Resources */ = {isa = PBXBuildFile; fileRef = 134917F72473152200B3A2C6 /* Assets.xcassets */; };
		134917FB2473152200B3A2C6 /* LaunchScreen.storyboard in Resources */ = {isa = PBXBuildFile; fileRef = 134917F92473152200B3A2C6 /* LaunchScreen.storyboard */; };
		134917FE2473152200B3A2C6 /* main.m in Sources */ = {isa = PBXBuildFile; fileRef = 134917FD2473152200B3A2C6 /* main.m */; };
		13491808247315DB00B3A2C6 /* PhotosCollectionViewController.swift in Sources */ = {isa = PBXBuildFile; fileRef = 13491807247315DB00B3A2C6 /* PhotosCollectionViewController.swift */; };
		1349180B247315FD00B3A2C6 /* PhotoDetailViewController.swift in Sources */ = {isa = PBXBuildFile; fileRef = 1349180A247315FD00B3A2C6 /* PhotoDetailViewController.swift */; };
		1349181124731B3F00B3A2C6 /* PhotoCollectionViewCell.m in Sources */ = {isa = PBXBuildFile; fileRef = 1349181024731B3F00B3A2C6 /* PhotoCollectionViewCell.m */; };
		1349181424731BF600B3A2C6 /* LSIErrors.m in Sources */ = {isa = PBXBuildFile; fileRef = 1349181324731BF600B3A2C6 /* LSIErrors.m */; };
		138C13DB247340F100915121 /* PhotosViewController.swift in Sources */ = {isa = PBXBuildFile; fileRef = 138C13DA247340F100915121 /* PhotosViewController.swift */; };
		9CB52002247321E400EBC07E /* Photo.swift in Sources */ = {isa = PBXBuildFile; fileRef = 9CB52001247321E400EBC07E /* Photo.swift */; };
		9CB520052473266700EBC07E /* WHLPhotoController.m in Sources */ = {isa = PBXBuildFile; fileRef = 9CB520042473266700EBC07E /* WHLPhotoController.m */; };
		9CB52008247336D700EBC07E /* WHLManifest.m in Sources */ = {isa = PBXBuildFile; fileRef = 9CB52007247336D700EBC07E /* WHLManifest.m */; };
/* End PBXBuildFile section */

/* Begin PBXFileReference section */
		134917E82473152100B3A2C6 /* Astronomy.app */ = {isa = PBXFileReference; explicitFileType = wrapper.application; includeInIndex = 0; path = Astronomy.app; sourceTree = BUILT_PRODUCTS_DIR; };
		134917EB2473152100B3A2C6 /* AppDelegate.h */ = {isa = PBXFileReference; lastKnownFileType = sourcecode.c.h; path = AppDelegate.h; sourceTree = "<group>"; };
		134917EC2473152100B3A2C6 /* AppDelegate.m */ = {isa = PBXFileReference; lastKnownFileType = sourcecode.c.objc; path = AppDelegate.m; sourceTree = "<group>"; };
		134917EE2473152100B3A2C6 /* SceneDelegate.h */ = {isa = PBXFileReference; lastKnownFileType = sourcecode.c.h; path = SceneDelegate.h; sourceTree = "<group>"; };
		134917EF2473152100B3A2C6 /* SceneDelegate.m */ = {isa = PBXFileReference; lastKnownFileType = sourcecode.c.objc; path = SceneDelegate.m; sourceTree = "<group>"; };
		134917F52473152100B3A2C6 /* Base */ = {isa = PBXFileReference; lastKnownFileType = file.storyboard; name = Base; path = Base.lproj/Main.storyboard; sourceTree = "<group>"; };
		134917F72473152200B3A2C6 /* Assets.xcassets */ = {isa = PBXFileReference; lastKnownFileType = folder.assetcatalog; path = Assets.xcassets; sourceTree = "<group>"; };
		134917FA2473152200B3A2C6 /* Base */ = {isa = PBXFileReference; lastKnownFileType = file.storyboard; name = Base; path = Base.lproj/LaunchScreen.storyboard; sourceTree = "<group>"; };
		134917FC2473152200B3A2C6 /* Info.plist */ = {isa = PBXFileReference; lastKnownFileType = text.plist.xml; path = Info.plist; sourceTree = "<group>"; };
		134917FD2473152200B3A2C6 /* main.m */ = {isa = PBXFileReference; lastKnownFileType = sourcecode.c.objc; path = main.m; sourceTree = "<group>"; };
		13491806247315DB00B3A2C6 /* Astronomy-Bridging-Header.h */ = {isa = PBXFileReference; lastKnownFileType = sourcecode.c.h; path = "Astronomy-Bridging-Header.h"; sourceTree = "<group>"; };
		13491807247315DB00B3A2C6 /* PhotosCollectionViewController.swift */ = {isa = PBXFileReference; lastKnownFileType = sourcecode.swift; path = PhotosCollectionViewController.swift; sourceTree = "<group>"; };
		1349180A247315FD00B3A2C6 /* PhotoDetailViewController.swift */ = {isa = PBXFileReference; lastKnownFileType = sourcecode.swift; path = PhotoDetailViewController.swift; sourceTree = "<group>"; };
		1349180F24731B3F00B3A2C6 /* PhotoCollectionViewCell.h */ = {isa = PBXFileReference; lastKnownFileType = sourcecode.c.h; path = PhotoCollectionViewCell.h; sourceTree = "<group>"; };
		1349181024731B3F00B3A2C6 /* PhotoCollectionViewCell.m */ = {isa = PBXFileReference; lastKnownFileType = sourcecode.c.objc; path = PhotoCollectionViewCell.m; sourceTree = "<group>"; };
		1349181224731BF600B3A2C6 /* LSIErrors.h */ = {isa = PBXFileReference; fileEncoding = 4; lastKnownFileType = sourcecode.c.h; path = LSIErrors.h; sourceTree = "<group>"; };
		1349181324731BF600B3A2C6 /* LSIErrors.m */ = {isa = PBXFileReference; fileEncoding = 4; lastKnownFileType = sourcecode.c.objc; path = LSIErrors.m; sourceTree = "<group>"; };
		138C13DA247340F100915121 /* PhotosViewController.swift */ = {isa = PBXFileReference; lastKnownFileType = sourcecode.swift; path = PhotosViewController.swift; sourceTree = "<group>"; };
		9CB52001247321E400EBC07E /* Photo.swift */ = {isa = PBXFileReference; lastKnownFileType = sourcecode.swift; name = Photo.swift; path = Astronomy/Photo.swift; sourceTree = SOURCE_ROOT; };
		9CB520032473266700EBC07E /* WHLPhotoController.h */ = {isa = PBXFileReference; lastKnownFileType = sourcecode.c.h; name = WHLPhotoController.h; path = Astronomy/WHLPhotoController.h; sourceTree = SOURCE_ROOT; };
		9CB520042473266700EBC07E /* WHLPhotoController.m */ = {isa = PBXFileReference; lastKnownFileType = sourcecode.c.objc; name = WHLPhotoController.m; path = Astronomy/WHLPhotoController.m; sourceTree = SOURCE_ROOT; };
		9CB52006247336D700EBC07E /* WHLManifest.h */ = {isa = PBXFileReference; lastKnownFileType = sourcecode.c.h; name = WHLManifest.h; path = Astronomy/WHLManifest.h; sourceTree = SOURCE_ROOT; };
		9CB52007247336D700EBC07E /* WHLManifest.m */ = {isa = PBXFileReference; lastKnownFileType = sourcecode.c.objc; name = WHLManifest.m; path = Astronomy/WHLManifest.m; sourceTree = SOURCE_ROOT; };
/* End PBXFileReference section */

/* Begin PBXFrameworksBuildPhase section */
		134917E52473152100B3A2C6 /* Frameworks */ = {
			isa = PBXFrameworksBuildPhase;
			buildActionMask = 2147483647;
			files = (
			);
			runOnlyForDeploymentPostprocessing = 0;
		};
/* End PBXFrameworksBuildPhase section */

/* Begin PBXGroup section */
		134917DF2473152100B3A2C6 = {
			isa = PBXGroup;
			children = (
				134917EA2473152100B3A2C6 /* Astronomy */,
				134917E92473152100B3A2C6 /* Products */,
			);
			sourceTree = "<group>";
		};
		134917E92473152100B3A2C6 /* Products */ = {
			isa = PBXGroup;
			children = (
				134917E82473152100B3A2C6 /* Astronomy.app */,
			);
			name = Products;
			sourceTree = "<group>";
		};
		134917EA2473152100B3A2C6 /* Astronomy */ = {
			isa = PBXGroup;
			children = (
				1349181724731E7600B3A2C6 /* Model Controllers */,
				1349181624731E6D00B3A2C6 /* Models */,
				1349181524731BFA00B3A2C6 /* Helper Files */,
				134918042473154F00B3A2C6 /* Application */,
				134918052473156B00B3A2C6 /* Storyboards */,
				13491809247315DF00B3A2C6 /* View Controllers */,
				1349180E2473167600B3A2C6 /* Views */,
			);
			path = Astronomy;
			sourceTree = "<group>";
		};
		134918042473154F00B3A2C6 /* Application */ = {
			isa = PBXGroup;
			children = (
				134917EB2473152100B3A2C6 /* AppDelegate.h */,
				134917EC2473152100B3A2C6 /* AppDelegate.m */,
				134917EE2473152100B3A2C6 /* SceneDelegate.h */,
				134917EF2473152100B3A2C6 /* SceneDelegate.m */,
				13491806247315DB00B3A2C6 /* Astronomy-Bridging-Header.h */,
				134917F72473152200B3A2C6 /* Assets.xcassets */,
				134917FD2473152200B3A2C6 /* main.m */,
				134917FC2473152200B3A2C6 /* Info.plist */,
			);
			path = Application;
			sourceTree = "<group>";
		};
		134918052473156B00B3A2C6 /* Storyboards */ = {
			isa = PBXGroup;
			children = (
				134917F42473152100B3A2C6 /* Main.storyboard */,
				134917F92473152200B3A2C6 /* LaunchScreen.storyboard */,
			);
			path = Storyboards;
			sourceTree = "<group>";
		};
		13491809247315DF00B3A2C6 /* View Controllers */ = {
			isa = PBXGroup;
			children = (
				138C13DA247340F100915121 /* PhotosViewController.swift */,
				13491807247315DB00B3A2C6 /* PhotosCollectionViewController.swift */,
				1349180A247315FD00B3A2C6 /* PhotoDetailViewController.swift */,
			);
			path = "View Controllers";
			sourceTree = "<group>";
		};
		1349180E2473167600B3A2C6 /* Views */ = {
			isa = PBXGroup;
			children = (
				1349180F24731B3F00B3A2C6 /* PhotoCollectionViewCell.h */,
				1349181024731B3F00B3A2C6 /* PhotoCollectionViewCell.m */,
			);
			path = Views;
			sourceTree = "<group>";
		};
		1349181524731BFA00B3A2C6 /* Helper Files */ = {
			isa = PBXGroup;
			children = (
				1349181224731BF600B3A2C6 /* LSIErrors.h */,
				1349181324731BF600B3A2C6 /* LSIErrors.m */,
			);
			path = "Helper Files";
			sourceTree = "<group>";
		};
		1349181624731E6D00B3A2C6 /* Models */ = {
			isa = PBXGroup;
			children = (
				9CB52001247321E400EBC07E /* Photo.swift */,
				9CB52006247336D700EBC07E /* WHLManifest.h */,
				9CB52007247336D700EBC07E /* WHLManifest.m */,
			);
			path = Models;
			sourceTree = "<group>";
		};
		1349181724731E7600B3A2C6 /* Model Controllers */ = {
			isa = PBXGroup;
			children = (
				9CB520032473266700EBC07E /* WHLPhotoController.h */,
				9CB520042473266700EBC07E /* WHLPhotoController.m */,
			);
			path = "Model Controllers";
			sourceTree = "<group>";
		};
/* End PBXGroup section */

/* Begin PBXNativeTarget section */
		134917E72473152100B3A2C6 /* Astronomy */ = {
			isa = PBXNativeTarget;
			buildConfigurationList = 134918012473152200B3A2C6 /* Build configuration list for PBXNativeTarget "Astronomy" */;
			buildPhases = (
				134917E42473152100B3A2C6 /* Sources */,
				134917E52473152100B3A2C6 /* Frameworks */,
				134917E62473152100B3A2C6 /* Resources */,
			);
			buildRules = (
			);
			dependencies = (
			);
			name = Astronomy;
			productName = Astronomy;
			productReference = 134917E82473152100B3A2C6 /* Astronomy.app */;
			productType = "com.apple.product-type.application";
		};
/* End PBXNativeTarget section */

/* Begin PBXProject section */
		134917E02473152100B3A2C6 /* Project object */ = {
			isa = PBXProject;
			attributes = {
				LastUpgradeCheck = 1140;
				ORGANIZATIONNAME = "Wyatt Harrell";
				TargetAttributes = {
					134917E72473152100B3A2C6 = {
						CreatedOnToolsVersion = 11.4.1;
						LastSwiftMigration = 1140;
					};
				};
			};
			buildConfigurationList = 134917E32473152100B3A2C6 /* Build configuration list for PBXProject "Astronomy" */;
			compatibilityVersion = "Xcode 9.3";
			developmentRegion = en;
			hasScannedForEncodings = 0;
			knownRegions = (
				en,
				Base,
			);
			mainGroup = 134917DF2473152100B3A2C6;
			productRefGroup = 134917E92473152100B3A2C6 /* Products */;
			projectDirPath = "";
			projectRoot = "";
			targets = (
				134917E72473152100B3A2C6 /* Astronomy */,
			);
		};
/* End PBXProject section */

/* Begin PBXResourcesBuildPhase section */
		134917E62473152100B3A2C6 /* Resources */ = {
			isa = PBXResourcesBuildPhase;
			buildActionMask = 2147483647;
			files = (
				134917FB2473152200B3A2C6 /* LaunchScreen.storyboard in Resources */,
				134917F82473152200B3A2C6 /* Assets.xcassets in Resources */,
				134917F62473152100B3A2C6 /* Main.storyboard in Resources */,
			);
			runOnlyForDeploymentPostprocessing = 0;
		};
/* End PBXResourcesBuildPhase section */

/* Begin PBXSourcesBuildPhase section */
		134917E42473152100B3A2C6 /* Sources */ = {
			isa = PBXSourcesBuildPhase;
			buildActionMask = 2147483647;
			files = (
				9CB52002247321E400EBC07E /* Photo.swift in Sources */,
				138C13DB247340F100915121 /* PhotosViewController.swift in Sources */,
				1349181124731B3F00B3A2C6 /* PhotoCollectionViewCell.m in Sources */,
				134917ED2473152100B3A2C6 /* AppDelegate.m in Sources */,
				134917FE2473152200B3A2C6 /* main.m in Sources */,
				9CB52008247336D700EBC07E /* WHLManifest.m in Sources */,
				1349181424731BF600B3A2C6 /* LSIErrors.m in Sources */,
				134917F02473152100B3A2C6 /* SceneDelegate.m in Sources */,
				1349180B247315FD00B3A2C6 /* PhotoDetailViewController.swift in Sources */,
				9CB520052473266700EBC07E /* WHLPhotoController.m in Sources */,
				13491808247315DB00B3A2C6 /* PhotosCollectionViewController.swift in Sources */,
			);
			runOnlyForDeploymentPostprocessing = 0;
		};
/* End PBXSourcesBuildPhase section */

/* Begin PBXVariantGroup section */
		134917F42473152100B3A2C6 /* Main.storyboard */ = {
			isa = PBXVariantGroup;
			children = (
				134917F52473152100B3A2C6 /* Base */,
			);
			name = Main.storyboard;
			sourceTree = "<group>";
		};
		134917F92473152200B3A2C6 /* LaunchScreen.storyboard */ = {
			isa = PBXVariantGroup;
			children = (
				134917FA2473152200B3A2C6 /* Base */,
			);
			name = LaunchScreen.storyboard;
			sourceTree = "<group>";
		};
/* End PBXVariantGroup section */

/* Begin XCBuildConfiguration section */
		134917FF2473152200B3A2C6 /* Debug */ = {
			isa = XCBuildConfiguration;
			buildSettings = {
				ALWAYS_SEARCH_USER_PATHS = NO;
				CLANG_ANALYZER_NONNULL = YES;
				CLANG_ANALYZER_NUMBER_OBJECT_CONVERSION = YES_AGGRESSIVE;
				CLANG_CXX_LANGUAGE_STANDARD = "gnu++14";
				CLANG_CXX_LIBRARY = "libc++";
				CLANG_ENABLE_MODULES = YES;
				CLANG_ENABLE_OBJC_ARC = YES;
				CLANG_ENABLE_OBJC_WEAK = YES;
				CLANG_WARN_BLOCK_CAPTURE_AUTORELEASING = YES;
				CLANG_WARN_BOOL_CONVERSION = YES;
				CLANG_WARN_COMMA = YES;
				CLANG_WARN_CONSTANT_CONVERSION = YES;
				CLANG_WARN_DEPRECATED_OBJC_IMPLEMENTATIONS = YES;
				CLANG_WARN_DIRECT_OBJC_ISA_USAGE = YES_ERROR;
				CLANG_WARN_DOCUMENTATION_COMMENTS = YES;
				CLANG_WARN_EMPTY_BODY = YES;
				CLANG_WARN_ENUM_CONVERSION = YES;
				CLANG_WARN_INFINITE_RECURSION = YES;
				CLANG_WARN_INT_CONVERSION = YES;
				CLANG_WARN_NON_LITERAL_NULL_CONVERSION = YES;
				CLANG_WARN_OBJC_IMPLICIT_RETAIN_SELF = YES;
				CLANG_WARN_OBJC_LITERAL_CONVERSION = YES;
				CLANG_WARN_OBJC_ROOT_CLASS = YES_ERROR;
				CLANG_WARN_RANGE_LOOP_ANALYSIS = YES;
				CLANG_WARN_STRICT_PROTOTYPES = YES;
				CLANG_WARN_SUSPICIOUS_MOVE = YES;
				CLANG_WARN_UNGUARDED_AVAILABILITY = YES_AGGRESSIVE;
				CLANG_WARN_UNREACHABLE_CODE = YES;
				CLANG_WARN__DUPLICATE_METHOD_MATCH = YES;
				COPY_PHASE_STRIP = NO;
				DEBUG_INFORMATION_FORMAT = dwarf;
				ENABLE_STRICT_OBJC_MSGSEND = YES;
				ENABLE_TESTABILITY = YES;
				GCC_C_LANGUAGE_STANDARD = gnu11;
				GCC_DYNAMIC_NO_PIC = NO;
				GCC_NO_COMMON_BLOCKS = YES;
				GCC_OPTIMIZATION_LEVEL = 0;
				GCC_PREPROCESSOR_DEFINITIONS = (
					"DEBUG=1",
					"$(inherited)",
				);
				GCC_WARN_64_TO_32_BIT_CONVERSION = YES;
				GCC_WARN_ABOUT_RETURN_TYPE = YES_ERROR;
				GCC_WARN_UNDECLARED_SELECTOR = YES;
				GCC_WARN_UNINITIALIZED_AUTOS = YES_AGGRESSIVE;
				GCC_WARN_UNUSED_FUNCTION = YES;
				GCC_WARN_UNUSED_VARIABLE = YES;
				IPHONEOS_DEPLOYMENT_TARGET = 13.4;
				MTL_ENABLE_DEBUG_INFO = INCLUDE_SOURCE;
				MTL_FAST_MATH = YES;
				ONLY_ACTIVE_ARCH = YES;
				SDKROOT = iphoneos;
			};
			name = Debug;
		};
		134918002473152200B3A2C6 /* Release */ = {
			isa = XCBuildConfiguration;
			buildSettings = {
				ALWAYS_SEARCH_USER_PATHS = NO;
				CLANG_ANALYZER_NONNULL = YES;
				CLANG_ANALYZER_NUMBER_OBJECT_CONVERSION = YES_AGGRESSIVE;
				CLANG_CXX_LANGUAGE_STANDARD = "gnu++14";
				CLANG_CXX_LIBRARY = "libc++";
				CLANG_ENABLE_MODULES = YES;
				CLANG_ENABLE_OBJC_ARC = YES;
				CLANG_ENABLE_OBJC_WEAK = YES;
				CLANG_WARN_BLOCK_CAPTURE_AUTORELEASING = YES;
				CLANG_WARN_BOOL_CONVERSION = YES;
				CLANG_WARN_COMMA = YES;
				CLANG_WARN_CONSTANT_CONVERSION = YES;
				CLANG_WARN_DEPRECATED_OBJC_IMPLEMENTATIONS = YES;
				CLANG_WARN_DIRECT_OBJC_ISA_USAGE = YES_ERROR;
				CLANG_WARN_DOCUMENTATION_COMMENTS = YES;
				CLANG_WARN_EMPTY_BODY = YES;
				CLANG_WARN_ENUM_CONVERSION = YES;
				CLANG_WARN_INFINITE_RECURSION = YES;
				CLANG_WARN_INT_CONVERSION = YES;
				CLANG_WARN_NON_LITERAL_NULL_CONVERSION = YES;
				CLANG_WARN_OBJC_IMPLICIT_RETAIN_SELF = YES;
				CLANG_WARN_OBJC_LITERAL_CONVERSION = YES;
				CLANG_WARN_OBJC_ROOT_CLASS = YES_ERROR;
				CLANG_WARN_RANGE_LOOP_ANALYSIS = YES;
				CLANG_WARN_STRICT_PROTOTYPES = YES;
				CLANG_WARN_SUSPICIOUS_MOVE = YES;
				CLANG_WARN_UNGUARDED_AVAILABILITY = YES_AGGRESSIVE;
				CLANG_WARN_UNREACHABLE_CODE = YES;
				CLANG_WARN__DUPLICATE_METHOD_MATCH = YES;
				COPY_PHASE_STRIP = NO;
				DEBUG_INFORMATION_FORMAT = "dwarf-with-dsym";
				ENABLE_NS_ASSERTIONS = NO;
				ENABLE_STRICT_OBJC_MSGSEND = YES;
				GCC_C_LANGUAGE_STANDARD = gnu11;
				GCC_NO_COMMON_BLOCKS = YES;
				GCC_WARN_64_TO_32_BIT_CONVERSION = YES;
				GCC_WARN_ABOUT_RETURN_TYPE = YES_ERROR;
				GCC_WARN_UNDECLARED_SELECTOR = YES;
				GCC_WARN_UNINITIALIZED_AUTOS = YES_AGGRESSIVE;
				GCC_WARN_UNUSED_FUNCTION = YES;
				GCC_WARN_UNUSED_VARIABLE = YES;
				IPHONEOS_DEPLOYMENT_TARGET = 13.4;
				MTL_ENABLE_DEBUG_INFO = NO;
				MTL_FAST_MATH = YES;
				SDKROOT = iphoneos;
				VALIDATE_PRODUCT = YES;
			};
			name = Release;
		};
		134918022473152200B3A2C6 /* Debug */ = {
			isa = XCBuildConfiguration;
			buildSettings = {
				ASSETCATALOG_COMPILER_APPICON_NAME = AppIcon;
				CLANG_ENABLE_MODULES = YES;
				CODE_SIGN_STYLE = Automatic;
				INFOPLIST_FILE = Astronomy/Application/Info.plist;
				LD_RUNPATH_SEARCH_PATHS = (
					"$(inherited)",
					"@executable_path/Frameworks",
				);
				PRODUCT_BUNDLE_IDENTIFIER = com.wyattharrell.Astronomy;
				PRODUCT_NAME = "$(TARGET_NAME)";
				SWIFT_OBJC_BRIDGING_HEADER = "Astronomy/Application/Astronomy-Bridging-Header.h";
				SWIFT_OPTIMIZATION_LEVEL = "-Onone";
				SWIFT_VERSION = 5.0;
				TARGETED_DEVICE_FAMILY = "1,2";
			};
			name = Debug;
		};
		134918032473152200B3A2C6 /* Release */ = {
			isa = XCBuildConfiguration;
			buildSettings = {
				ASSETCATALOG_COMPILER_APPICON_NAME = AppIcon;
				CLANG_ENABLE_MODULES = YES;
				CODE_SIGN_STYLE = Automatic;
				INFOPLIST_FILE = Astronomy/Application/Info.plist;
				LD_RUNPATH_SEARCH_PATHS = (
					"$(inherited)",
					"@executable_path/Frameworks",
				);
				PRODUCT_BUNDLE_IDENTIFIER = com.wyattharrell.Astronomy;
				PRODUCT_NAME = "$(TARGET_NAME)";
				SWIFT_OBJC_BRIDGING_HEADER = "Astronomy/Application/Astronomy-Bridging-Header.h";
				SWIFT_VERSION = 5.0;
				TARGETED_DEVICE_FAMILY = "1,2";
			};
			name = Release;
		};
/* End XCBuildConfiguration section */

/* Begin XCConfigurationList section */
		134917E32473152100B3A2C6 /* Build configuration list for PBXProject "Astronomy" */ = {
			isa = XCConfigurationList;
			buildConfigurations = (
				134917FF2473152200B3A2C6 /* Debug */,
				134918002473152200B3A2C6 /* Release */,
			);
			defaultConfigurationIsVisible = 0;
			defaultConfigurationName = Release;
		};
		134918012473152200B3A2C6 /* Build configuration list for PBXNativeTarget "Astronomy" */ = {
			isa = XCConfigurationList;
			buildConfigurations = (
				134918022473152200B3A2C6 /* Debug */,
				134918032473152200B3A2C6 /* Release */,
			);
			defaultConfigurationIsVisible = 0;
			defaultConfigurationName = Release;
		};
/* End XCConfigurationList section */
	};
	rootObject = 134917E02473152100B3A2C6 /* Project object */;
}
